
Microsoft Visual Studio Solution File, Format Version 12.00
# Visual Studio Version 16
VisualStudioVersion = 16.0.29411.108
MinimumVisualStudioVersion = 10.0.40219.1
Project("{FAE04EC0-301F-11D3-BF4B-00C04F79EFBC}") = "NuGetPackTest", "NuGetPackTest\NuGetPackTest.csproj", "{8DE92C6D-BDE7-4DB2-A069-FF6689E069D3}"
EndProject
Project("{FAE04EC0-301F-11D3-BF4B-00C04F79EFBC}") = "TestLibrary", "TestLibrary\TestLibrary.csproj", "{B72E5A0E-A365-4298-9757-1D6EAB4AA58C}"
EndProject
Project("{FAE04EC0-301F-11D3-BF4B-00C04F79EFBC}") = "FooTest", "FooTest\FooTest.csproj", "{7BB5A43B-6CDE-4B25-9EAC-B27BDEF8EF43}"
EndProject
Global
	GlobalSection(SolutionConfigurationPlatforms) = preSolution
		Debug|Any CPU = Debug|Any CPU
		Release|Any CPU = Release|Any CPU
	EndGlobalSection
	GlobalSection(ProjectConfigurationPlatforms) = postSolution
		{8DE92C6D-BDE7-4DB2-A069-FF6689E069D3}.Debug|Any CPU.ActiveCfg = Debug|Any CPU
		{8DE92C6D-BDE7-4DB2-A069-FF6689E069D3}.Debug|Any CPU.Build.0 = Debug|Any CPU
		{8DE92C6D-BDE7-4DB2-A069-FF6689E069D3}.Release|Any CPU.ActiveCfg = Release|Any CPU
		{8DE92C6D-BDE7-4DB2-A069-FF6689E069D3}.Release|Any CPU.Build.0 = Release|Any CPU
		{B72E5A0E-A365-4298-9757-1D6EAB4AA58C}.Debug|Any CPU.ActiveCfg = Debug|Any CPU
		{B72E5A0E-A365-4298-9757-1D6EAB4AA58C}.Debug|Any CPU.Build.0 = Debug|Any CPU
		{B72E5A0E-A365-4298-9757-1D6EAB4AA58C}.Release|Any CPU.ActiveCfg = Release|Any CPU
		{B72E5A0E-A365-4298-9757-1D6EAB4AA58C}.Release|Any CPU.Build.0 = Release|Any CPU
		{7BB5A43B-6CDE-4B25-9EAC-B27BDEF8EF43}.Debug|Any CPU.ActiveCfg = Debug|Any CPU
		{7BB5A43B-6CDE-4B25-9EAC-B27BDEF8EF43}.Debug|Any CPU.Build.0 = Debug|Any CPU
		{7BB5A43B-6CDE-4B25-9EAC-B27BDEF8EF43}.Release|Any CPU.ActiveCfg = Release|Any CPU
		{7BB5A43B-6CDE-4B25-9EAC-B27BDEF8EF43}.Release|Any CPU.Build.0 = Release|Any CPU
	EndGlobalSection
	GlobalSection(SolutionProperties) = preSolution
		HideSolutionNode = FALSE
	EndGlobalSection
	GlobalSection(ExtensibilityGlobals) = postSolution
		SolutionGuid = {17856BC7-236B-4FC5-B32C-2118DCDC81E1}
	EndGlobalSection
EndGlobal
